
Microsoft Visual Studio Solution File, Format Version 12.00
# Visual Studio Version 17
VisualStudioVersion = 17.13.35806.99 d17.13
MinimumVisualStudioVersion = 10.0.40219.1
Project("{FAE04EC0-301F-11D3-BF4B-00C04F79EFBC}") = "FitLife", "FitLife\FitLife.csproj", "{B9F747C0-06D6-4734-A0B3-5DADAD85947D}"
EndProject
Global
	GlobalSection(SolutionConfigurationPlatforms) = preSolution
		Debug|Any CPU = Debug|Any CPU
		Release|Any CPU = Release|Any CPU
	EndGlobalSection
	GlobalSection(ProjectConfigurationPlatforms) = postSolution
		{B9F747C0-06D6-4734-A0B3-5DADAD85947D}.Debug|Any CPU.ActiveCfg = Debug|Any CPU
		{B9F747C0-06D6-4734-A0B3-5DADAD85947D}.Debug|Any CPU.Build.0 = Debug|Any CPU
		{B9F747C0-06D6-4734-A0B3-5DADAD85947D}.Release|Any CPU.ActiveCfg = Release|Any CPU
		{B9F747C0-06D6-4734-A0B3-5DADAD85947D}.Release|Any CPU.Build.0 = Release|Any CPU
	EndGlobalSection
	GlobalSection(SolutionProperties) = preSolution
		HideSolutionNode = FALSE
	EndGlobalSection
	GlobalSection(ExtensibilityGlobals) = postSolution
		SolutionGuid = {1673FE2F-5B88-41B9-9632-4C48AF53A5E2}
	EndGlobalSection
EndGlobal
